// !$*UTF8*$!
{
	archiveVersion = 1;
	classes = {
	};
	objectVersion = 77;
	objects = {

/* Begin PBXContainerItemProxy section */
		2200000000000000000000A1 /* PBXContainerItemProxy */ = {
			isa = PBXContainerItemProxy;
			containerPortal = 1A0000000000000000000001 /* Project object */;
			proxyType = 1;
			remoteGlobalIDString = 2100000000000000000000A1;
			remoteInfo = CsopakBeachCam;
		};
		2200000000000000000000A2 /* PBXContainerItemProxy */ = {
			isa = PBXContainerItemProxy;
			containerPortal = 1A0000000000000000000001 /* Project object */;
			proxyType = 1;
			remoteGlobalIDString = 2100000000000000000000A1;
			remoteInfo = CsopakBeachCam;
		};
		2200000000000000000000A3 /* PBXContainerItemProxy */ = {
			isa = PBXContainerItemProxy;
			containerPortal = 1A0000000000000000000001 /* Project object */;
			proxyType = 1;
			remoteGlobalIDString = 2100000000000000000000A2;
			remoteInfo = CsopakBeachCamTV;
		};
		2200000000000000000000A4 /* PBXContainerItemProxy */ = {
			isa = PBXContainerItemProxy;
			containerPortal = 1A0000000000000000000001 /* Project object */;
			proxyType = 1;
			remoteGlobalIDString = 2100000000000000000000A2;
			remoteInfo = CsopakBeachCamTV;
		};
/* End PBXContainerItemProxy section */

/* Begin PBXFileReference section */
		1D00000000000000000000A1 /* CsopakBeachCam.app */ = {isa = PBXFileReference; explicitFileType = wrapper.application; includeInIndex = 0; path = CsopakBeachCam.app; sourceTree = BUILT_PRODUCTS_DIR; };
		1D00000000000000000000A2 /* CsopakBeachCamTV.app */ = {isa = PBXFileReference; explicitFileType = wrapper.application; includeInIndex = 0; path = CsopakBeachCamTV.app; sourceTree = BUILT_PRODUCTS_DIR; };
		1D00000000000000000000A3 /* CsopakBeachCamTests.xctest */ = {isa = PBXFileReference; explicitFileType = wrapper.cfbundle; includeInIndex = 0; path = CsopakBeachCamTests.xctest; sourceTree = BUILT_PRODUCTS_DIR; };
		1D00000000000000000000A4 /* CsopakBeachCamUITests.xctest */ = {isa = PBXFileReference; explicitFileType = wrapper.cfbundle; includeInIndex = 0; path = CsopakBeachCamUITests.xctest; sourceTree = BUILT_PRODUCTS_DIR; };
		1D00000000000000000000A5 /* CsopakBeachCamTVTests.xctest */ = {isa = PBXFileReference; explicitFileType = wrapper.cfbundle; includeInIndex = 0; path = CsopakBeachCamTVTests.xctest; sourceTree = BUILT_PRODUCTS_DIR; };
		1D00000000000000000000A6 /* CsopakBeachCamTVUITests.xctest */ = {isa = PBXFileReference; explicitFileType = wrapper.cfbundle; includeInIndex = 0; path = CsopakBeachCamTVUITests.xctest; sourceTree = BUILT_PRODUCTS_DIR; };
		1D00000000000000000000A7 /* CsopakBeachCamWatch.app */ = {isa = PBXFileReference; explicitFileType = wrapper.application; includeInIndex = 0; path = CsopakBeachCamWatch.app; sourceTree = BUILT_PRODUCTS_DIR; };
		1D00000000000000000000A8 /* CsopakBeachCamMac.app */ = {isa = PBXFileReference; explicitFileType = wrapper.application; includeInIndex = 0; path = CsopakBeachCamMac.app; sourceTree = BUILT_PRODUCTS_DIR; };
/* End PBXFileReference section */

/* Begin PBXFileSystemSynchronizedBuildFileExceptionSet section */
		1C00000000000000000000A1 /* Exceptions for "CsopakBeachCamTV" folder in "CsopakBeachCamTV" target */ = {
			isa = PBXFileSystemSynchronizedBuildFileExceptionSet;
			membershipExceptions = (
				Info.plist,
			);
			target = 2100000000000000000000A2 /* CsopakBeachCamTV */;
		};
		1C00000000000000000000A2 /* Exceptions for "CsopakBeachCamWatch" folder in "CsopakBeachCamWatch" target */ = {
			isa = PBXFileSystemSynchronizedBuildFileExceptionSet;
			membershipExceptions = (
				Info.plist,
			);
			target = 2100000000000000000000A7 /* CsopakBeachCamWatch */;
		};
		1C00000000000000000000A3 /* Exceptions for "CsopakBeachCamMac" folder in "CsopakBeachCamMac" target */ = {
			isa = PBXFileSystemSynchronizedBuildFileExceptionSet;
			membershipExceptions = (
				Info.plist,
			);
			target = 2100000000000000000000A8 /* CsopakBeachCamMac */;
		};
/* End PBXFileSystemSynchronizedBuildFileExceptionSet section */

/* Begin PBXFileSystemSynchronizedRootGroup section */
		1B00000000000000000000A1 /* Shared */ = {
			isa = PBXFileSystemSynchronizedRootGroup;
			path = Shared;
			sourceTree = "<group>";
		};
		1B00000000000000000000A2 /* CsopakBeachCam */ = {
			isa = PBXFileSystemSynchronizedRootGroup;
			path = CsopakBeachCam;
			sourceTree = "<group>";
		};
		1B00000000000000000000A3 /* CsopakBeachCamTV */ = {
			isa = PBXFileSystemSynchronizedRootGroup;
			exceptions = (
				1C00000000000000000000A1 /* Exceptions for "CsopakBeachCamTV" folder in "CsopakBeachCamTV" target */,
			);
			path = CsopakBeachCamTV;
			sourceTree = "<group>";
		};
		1B00000000000000000000A4 /* CsopakBeachCamTests */ = {
			isa = PBXFileSystemSynchronizedRootGroup;
			path = CsopakBeachCamTests;
			sourceTree = "<group>";
		};
		1B00000000000000000000A5 /* CsopakBeachCamUITests */ = {
			isa = PBXFileSystemSynchronizedRootGroup;
			path = CsopakBeachCamUITests;
			sourceTree = "<group>";
		};
		1B00000000000000000000A6 /* CsopakBeachCamTVTests */ = {
			isa = PBXFileSystemSynchronizedRootGroup;
			path = CsopakBeachCamTVTests;
			sourceTree = "<group>";
		};
		1B00000000000000000000A7 /* CsopakBeachCamTVUITests */ = {
			isa = PBXFileSystemSynchronizedRootGroup;
			path = CsopakBeachCamTVUITests;
			sourceTree = "<group>";
		};
		1B00000000000000000000A8 /* CsopakBeachCamWatch */ = {
			isa = PBXFileSystemSynchronizedRootGroup;
			exceptions = (
				1C00000000000000000000A2 /* Exceptions for "CsopakBeachCamWatch" folder in "CsopakBeachCamWatch" target */,
			);
			path = CsopakBeachCamWatch;
			sourceTree = "<group>";
		};
		1B00000000000000000000A9 /* CsopakBeachCamMac */ = {
			isa = PBXFileSystemSynchronizedRootGroup;
			exceptions = (
				1C00000000000000000000A3 /* Exceptions for "CsopakBeachCamMac" folder in "CsopakBeachCamMac" target */,
			);
			path = CsopakBeachCamMac;
			sourceTree = "<group>";
		};
/* End PBXFileSystemSynchronizedRootGroup section */

/* Begin PBXFrameworksBuildPhase section */
		1E00000000000000000000A1 /* Frameworks */ = {
			isa = PBXFrameworksBuildPhase;
			buildActionMask = 2147483647;
			files = (
			);
			runOnlyForDeploymentPostprocessing = 0;
		};
		1E00000000000000000000A2 /* Frameworks */ = {
			isa = PBXFrameworksBuildPhase;
			buildActionMask = 2147483647;
			files = (
			);
			runOnlyForDeploymentPostprocessing = 0;
		};
		1E00000000000000000000A3 /* Frameworks */ = {
			isa = PBXFrameworksBuildPhase;
			buildActionMask = 2147483647;
			files = (
			);
			runOnlyForDeploymentPostprocessing = 0;
		};
		1E00000000000000000000A4 /* Frameworks */ = {
			isa = PBXFrameworksBuildPhase;
			buildActionMask = 2147483647;
			files = (
			);
			runOnlyForDeploymentPostprocessing = 0;
		};
		1E00000000000000000000A5 /* Frameworks */ = {
			isa = PBXFrameworksBuildPhase;
			buildActionMask = 2147483647;
			files = (
			);
			runOnlyForDeploymentPostprocessing = 0;
		};
		1E00000000000000000000A6 /* Frameworks */ = {
			isa = PBXFrameworksBuildPhase;
			buildActionMask = 2147483647;
			files = (
			);
			runOnlyForDeploymentPostprocessing = 0;
		};
		1E00000000000000000000A7 /* Frameworks */ = {
			isa = PBXFrameworksBuildPhase;
			buildActionMask = 2147483647;
			files = (
			);
			runOnlyForDeploymentPostprocessing = 0;
		};
		1E00000000000000000000A8 /* Frameworks */ = {
			isa = PBXFrameworksBuildPhase;
			buildActionMask = 2147483647;
			files = (
			);
			runOnlyForDeploymentPostprocessing = 0;
		};
/* End PBXFrameworksBuildPhase section */

/* Begin PBXGroup section */
		1A0000000000000000000002 = {
			isa = PBXGroup;
			children = (
				1B00000000000000000000A1 /* Shared */,
				1B00000000000000000000A2 /* CsopakBeachCam */,
				1B00000000000000000000A3 /* CsopakBeachCamTV */,
				1B00000000000000000000A4 /* CsopakBeachCamTests */,
				1B00000000000000000000A5 /* CsopakBeachCamUITests */,
				1B00000000000000000000A6 /* CsopakBeachCamTVTests */,
				1B00000000000000000000A7 /* CsopakBeachCamTVUITests */,
				1B00000000000000000000A8 /* CsopakBeachCamWatch */,
				1B00000000000000000000A9 /* CsopakBeachCamMac */,
				1A0000000000000000000003 /* Products */,
			);
			sourceTree = "<group>";
		};
		1A0000000000000000000003 /* Products */ = {
			isa = PBXGroup;
			children = (
				1D00000000000000000000A1 /* CsopakBeachCam.app */,
				1D00000000000000000000A2 /* CsopakBeachCamTV.app */,
				1D00000000000000000000A3 /* CsopakBeachCamTests.xctest */,
				1D00000000000000000000A4 /* CsopakBeachCamUITests.xctest */,
				1D00000000000000000000A5 /* CsopakBeachCamTVTests.xctest */,
				1D00000000000000000000A6 /* CsopakBeachCamTVUITests.xctest */,
				1D00000000000000000000A7 /* CsopakBeachCamWatch.app */,
				1D00000000000000000000A8 /* CsopakBeachCamMac.app */,
			);
			name = Products;
			sourceTree = "<group>";
		};
/* End PBXGroup section */

/* Begin PBXNativeTarget section */
		2100000000000000000000A1 /* CsopakBeachCam */ = {
			isa = PBXNativeTarget;
			buildConfigurationList = 2500000000000000000000A2 /* Build configuration list for PBXNativeTarget "CsopakBeachCam" */;
			buildPhases = (
				2000000000000000000000A1 /* Sources */,
				1E00000000000000000000A1 /* Frameworks */,
				1F00000000000000000000A1 /* Resources */,
			);
			buildRules = (
			);
			dependencies = (
			);
			fileSystemSynchronizedGroups = (
				1B00000000000000000000A1 /* Shared */,
				1B00000000000000000000A2 /* CsopakBeachCam */,
			);
			name = CsopakBeachCam;
			packageProductDependencies = (
			);
			productName = CsopakBeachCam;
			productReference = 1D00000000000000000000A1 /* CsopakBeachCam.app */;
			productType = "com.apple.product-type.application";
		};
		2100000000000000000000A2 /* CsopakBeachCamTV */ = {
			isa = PBXNativeTarget;
			buildConfigurationList = 2500000000000000000000A3 /* Build configuration list for PBXNativeTarget "CsopakBeachCamTV" */;
			buildPhases = (
				2000000000000000000000A2 /* Sources */,
				1E00000000000000000000A2 /* Frameworks */,
				1F00000000000000000000A2 /* Resources */,
			);
			buildRules = (
			);
			dependencies = (
			);
			fileSystemSynchronizedGroups = (
				1B00000000000000000000A1 /* Shared */,
				1B00000000000000000000A3 /* CsopakBeachCamTV */,
			);
			name = CsopakBeachCamTV;
			packageProductDependencies = (
			);
			productName = CsopakBeachCamTV;
			productReference = 1D00000000000000000000A2 /* CsopakBeachCamTV.app */;
			productType = "com.apple.product-type.application";
		};
		2100000000000000000000A3 /* CsopakBeachCamTests */ = {
			isa = PBXNativeTarget;
			buildConfigurationList = 2500000000000000000000A4 /* Build configuration list for PBXNativeTarget "CsopakBeachCamTests" */;
			buildPhases = (
				2000000000000000000000A3 /* Sources */,
				1E00000000000000000000A3 /* Frameworks */,
				1F00000000000000000000A3 /* Resources */,
			);
			buildRules = (
			);
			dependencies = (
				2300000000000000000000A1 /* PBXTargetDependency */,
			);
			fileSystemSynchronizedGroups = (
				1B00000000000000000000A4 /* CsopakBeachCamTests */,
			);
			name = CsopakBeachCamTests;
			packageProductDependencies = (
			);
			productName = CsopakBeachCamTests;
			productReference = 1D00000000000000000000A3 /* CsopakBeachCamTests.xctest */;
			productType = "com.apple.product-type.bundle.unit-test";
		};
		2100000000000000000000A4 /* CsopakBeachCamUITests */ = {
			isa = PBXNativeTarget;
			buildConfigurationList = 2500000000000000000000A5 /* Build configuration list for PBXNativeTarget "CsopakBeachCamUITests" */;
			buildPhases = (
				2000000000000000000000A4 /* Sources */,
				1E00000000000000000000A4 /* Frameworks */,
				1F00000000000000000000A4 /* Resources */,
			);
			buildRules = (
			);
			dependencies = (
				2300000000000000000000A2 /* PBXTargetDependency */,
			);
			fileSystemSynchronizedGroups = (
				1B00000000000000000000A5 /* CsopakBeachCamUITests */,
			);
			name = CsopakBeachCamUITests;
			packageProductDependencies = (
			);
			productName = CsopakBeachCamUITests;
			productReference = 1D00000000000000000000A4 /* CsopakBeachCamUITests.xctest */;
			productType = "com.apple.product-type.bundle.ui-testing";
		};
		2100000000000000000000A5 /* CsopakBeachCamTVTests */ = {
			isa = PBXNativeTarget;
			buildConfigurationList = 2500000000000000000000A6 /* Build configuration list for PBXNativeTarget "CsopakBeachCamTVTests" */;
			buildPhases = (
				2000000000000000000000A5 /* Sources */,
				1E00000000000000000000A5 /* Frameworks */,
				1F00000000000000000000A5 /* Resources */,
			);
			buildRules = (
			);
			dependencies = (
				2300000000000000000000A3 /* PBXTargetDependency */,
			);
			fileSystemSynchronizedGroups = (
				1B00000000000000000000A6 /* CsopakBeachCamTVTests */,
			);
			name = CsopakBeachCamTVTests;
			packageProductDependencies = (
			);
			productName = CsopakBeachCamTVTests;
			productReference = 1D00000000000000000000A5 /* CsopakBeachCamTVTests.xctest */;
			productType = "com.apple.product-type.bundle.unit-test";
		};
		2100000000000000000000A6 /* CsopakBeachCamTVUITests */ = {
			isa = PBXNativeTarget;
			buildConfigurationList = 2500000000000000000000A7 /* Build configuration list for PBXNativeTarget "CsopakBeachCamTVUITests" */;
			buildPhases = (
				2000000000000000000000A6 /* Sources */,
				1E00000000000000000000A6 /* Frameworks */,
				1F00000000000000000000A6 /* Resources */,
			);
			buildRules = (
			);
			dependencies = (
				2300000000000000000000A4 /* PBXTargetDependency */,
			);
			fileSystemSynchronizedGroups = (
				1B00000000000000000000A7 /* CsopakBeachCamTVUITests */,
			);
			name = CsopakBeachCamTVUITests;
			packageProductDependencies = (
			);
			productName = CsopakBeachCamTVUITests;
			productReference = 1D00000000000000000000A6 /* CsopakBeachCamTVUITests.xctest */;
			productType = "com.apple.product-type.bundle.ui-testing";
		};
		2100000000000000000000A7 /* CsopakBeachCamWatch */ = {
			isa = PBXNativeTarget;
			buildConfigurationList = 2500000000000000000000A8 /* Build configuration list for PBXNativeTarget "CsopakBeachCamWatch" */;
			buildPhases = (
				2000000000000000000000A7 /* Sources */,
				1E00000000000000000000A7 /* Frameworks */,
				1F00000000000000000000A7 /* Resources */,
			);
			buildRules = (
			);
			dependencies = (
			);
			fileSystemSynchronizedGroups = (
				1B00000000000000000000A1 /* Shared */,
				1B00000000000000000000A8 /* CsopakBeachCamWatch */,
			);
			name = CsopakBeachCamWatch;
			packageProductDependencies = (
			);
			productName = CsopakBeachCamWatch;
			productReference = 1D00000000000000000000A7 /* CsopakBeachCamWatch.app */;
			productType = "com.apple.product-type.application";
		};
		2100000000000000000000A8 /* CsopakBeachCamMac */ = {
			isa = PBXNativeTarget;
			buildConfigurationList = 2500000000000000000000A9 /* Build configuration list for PBXNativeTarget "CsopakBeachCamMac" */;
			buildPhases = (
				2000000000000000000000A8 /* Sources */,
				1E00000000000000000000A8 /* Frameworks */,
				1F00000000000000000000A8 /* Resources */,
			);
			buildRules = (
			);
			dependencies = (
			);
			fileSystemSynchronizedGroups = (
				1B00000000000000000000A1 /* Shared */,
				1B00000000000000000000A9 /* CsopakBeachCamMac */,
			);
			name = CsopakBeachCamMac;
			packageProductDependencies = (
			);
			productName = CsopakBeachCamMac;
			productReference = 1D00000000000000000000A8 /* CsopakBeachCamMac.app */;
			productType = "com.apple.product-type.application";
		};
/* End PBXNativeTarget section */

/* Begin PBXProject section */
		1A0000000000000000000001 /* Project object */ = {
			isa = PBXProject;
			attributes = {
				BuildIndependentTargetsInParallel = 1;
				LastSwiftUpdateCheck = 1640;
				LastUpgradeCheck = 2640;
				TargetAttributes = {
					2100000000000000000000A1 = {
						CreatedOnToolsVersion = 16.4;
					};
					2100000000000000000000A2 = {
						CreatedOnToolsVersion = 16.4;
					};
					2100000000000000000000A3 = {
						CreatedOnToolsVersion = 16.4;
						TestTargetID = 2100000000000000000000A1;
					};
					2100000000000000000000A4 = {
						CreatedOnToolsVersion = 16.4;
						TestTargetID = 2100000000000000000000A1;
					};
					2100000000000000000000A5 = {
						CreatedOnToolsVersion = 16.4;
						TestTargetID = 2100000000000000000000A2;
					};
					2100000000000000000000A6 = {
						CreatedOnToolsVersion = 16.4;
						TestTargetID = 2100000000000000000000A2;
					};
					2100000000000000000000A7 = {
						CreatedOnToolsVersion = 16.4;
					};
					2100000000000000000000A8 = {
						CreatedOnToolsVersion = 16.4;
					};
				};
			};
			buildConfigurationList = 2500000000000000000000A1 /* Build configuration list for PBXProject "CsopakBeachCam" */;
			developmentRegion = en;
			hasScannedForEncodings = 0;
			knownRegions = (
				en,
				Base,
			);
			mainGroup = 1A0000000000000000000002;
			minimizedProjectReferenceProxies = 1;
			preferredProjectObjectVersion = 77;
			productRefGroup = 1A0000000000000000000003 /* Products */;
			projectDirPath = "";
			projectRoot = "";
			targets = (
				2100000000000000000000A1 /* CsopakBeachCam */,
				2100000000000000000000A2 /* CsopakBeachCamTV */,
				2100000000000000000000A8 /* CsopakBeachCamMac */,
				2100000000000000000000A7 /* CsopakBeachCamWatch */,
				2100000000000000000000A3 /* CsopakBeachCamTests */,
				2100000000000000000000A4 /* CsopakBeachCamUITests */,
				2100000000000000000000A5 /* CsopakBeachCamTVTests */,
				2100000000000000000000A6 /* CsopakBeachCamTVUITests */,
			);
		};
/* End PBXProject section */

/* Begin PBXResourcesBuildPhase section */
		1F00000000000000000000A1 /* Resources */ = {
			isa = PBXResourcesBuildPhase;
			buildActionMask = 2147483647;
			files = (
			);
			runOnlyForDeploymentPostprocessing = 0;
		};
		1F00000000000000000000A2 /* Resources */ = {
			isa = PBXResourcesBuildPhase;
			buildActionMask = 2147483647;
			files = (
			);
			runOnlyForDeploymentPostprocessing = 0;
		};
		1F00000000000000000000A3 /* Resources */ = {
			isa = PBXResourcesBuildPhase;
			buildActionMask = 2147483647;
			files = (
			);
			runOnlyForDeploymentPostprocessing = 0;
		};
		1F00000000000000000000A4 /* Resources */ = {
			isa = PBXResourcesBuildPhase;
			buildActionMask = 2147483647;
			files = (
			);
			runOnlyForDeploymentPostprocessing = 0;
		};
		1F00000000000000000000A5 /* Resources */ = {
			isa = PBXResourcesBuildPhase;
			buildActionMask = 2147483647;
			files = (
			);
			runOnlyForDeploymentPostprocessing = 0;
		};
		1F00000000000000000000A6 /* Resources */ = {
			isa = PBXResourcesBuildPhase;
			buildActionMask = 2147483647;
			files = (
			);
			runOnlyForDeploymentPostprocessing = 0;
		};
		1F00000000000000000000A7 /* Resources */ = {
			isa = PBXResourcesBuildPhase;
			buildActionMask = 2147483647;
			files = (
			);
			runOnlyForDeploymentPostprocessing = 0;
		};
		1F00000000000000000000A8 /* Resources */ = {
			isa = PBXResourcesBuildPhase;
			buildActionMask = 2147483647;
			files = (
			);
			runOnlyForDeploymentPostprocessing = 0;
		};
/* End PBXResourcesBuildPhase section */

/* Begin PBXSourcesBuildPhase section */
		2000000000000000000000A1 /* Sources */ = {
			isa = PBXSourcesBuildPhase;
			buildActionMask = 2147483647;
			files = (
			);
			runOnlyForDeploymentPostprocessing = 0;
		};
		2000000000000000000000A2 /* Sources */ = {
			isa = PBXSourcesBuildPhase;
			buildActionMask = 2147483647;
			files = (
			);
			runOnlyForDeploymentPostprocessing = 0;
		};
		2000000000000000000000A3 /* Sources */ = {
			isa = PBXSourcesBuildPhase;
			buildActionMask = 2147483647;
			files = (
			);
			runOnlyForDeploymentPostprocessing = 0;
		};
		2000000000000000000000A4 /* Sources */ = {
			isa = PBXSourcesBuildPhase;
			buildActionMask = 2147483647;
			files = (
			);
			runOnlyForDeploymentPostprocessing = 0;
		};
		2000000000000000000000A5 /* Sources */ = {
			isa = PBXSourcesBuildPhase;
			buildActionMask = 2147483647;
			files = (
			);
			runOnlyForDeploymentPostprocessing = 0;
		};
		2000000000000000000000A6 /* Sources */ = {
			isa = PBXSourcesBuildPhase;
			buildActionMask = 2147483647;
			files = (
			);
			runOnlyForDeploymentPostprocessing = 0;
		};
		2000000000000000000000A7 /* Sources */ = {
			isa = PBXSourcesBuildPhase;
			buildActionMask = 2147483647;
			files = (
			);
			runOnlyForDeploymentPostprocessing = 0;
		};
		2000000000000000000000A8 /* Sources */ = {
			isa = PBXSourcesBuildPhase;
			buildActionMask = 2147483647;
			files = (
			);
			runOnlyForDeploymentPostprocessing = 0;
		};
/* End PBXSourcesBuildPhase section */

/* Begin PBXTargetDependency section */
		2300000000000000000000A1 /* PBXTargetDependency */ = {
			isa = PBXTargetDependency;
			target = 2100000000000000000000A1 /* CsopakBeachCam */;
			targetProxy = 2200000000000000000000A1 /* PBXContainerItemProxy */;
		};
		2300000000000000000000A2 /* PBXTargetDependency */ = {
			isa = PBXTargetDependency;
			target = 2100000000000000000000A1 /* CsopakBeachCam */;
			targetProxy = 2200000000000000000000A2 /* PBXContainerItemProxy */;
		};
		2300000000000000000000A3 /* PBXTargetDependency */ = {
			isa = PBXTargetDependency;
			target = 2100000000000000000000A2 /* CsopakBeachCamTV */;
			targetProxy = 2200000000000000000000A3 /* PBXContainerItemProxy */;
		};
		2300000000000000000000A4 /* PBXTargetDependency */ = {
			isa = PBXTargetDependency;
			target = 2100000000000000000000A2 /* CsopakBeachCamTV */;
			targetProxy = 2200000000000000000000A4 /* PBXContainerItemProxy */;
		};
/* End PBXTargetDependency section */

/* Begin XCBuildConfiguration section */
		2400000000000000000000A1 /* Debug */ = {
			isa = XCBuildConfiguration;
			buildSettings = {
				ALWAYS_SEARCH_USER_PATHS = NO;
				ASSETCATALOG_COMPILER_GENERATE_SWIFT_ASSET_SYMBOL_EXTENSIONS = YES;
				CLANG_ANALYZER_NONNULL = YES;
				CLANG_ANALYZER_NUMBER_OBJECT_CONVERSION = YES_AGGRESSIVE;
				CLANG_CXX_LANGUAGE_STANDARD = "gnu++20";
				CLANG_ENABLE_MODULES = YES;
				CLANG_ENABLE_OBJC_ARC = YES;
				CLANG_ENABLE_OBJC_WEAK = YES;
				CLANG_WARN_BLOCK_CAPTURE_AUTORELEASING = YES;
				CLANG_WARN_BOOL_CONVERSION = YES;
				CLANG_WARN_COMMA = YES;
				CLANG_WARN_CONSTANT_CONVERSION = YES;
				CLANG_WARN_DEPRECATED_OBJC_IMPLEMENTATIONS = YES;
				CLANG_WARN_DIRECT_OBJC_ISA_USAGE = YES_ERROR;
				CLANG_WARN_DOCUMENTATION_COMMENTS = YES;
				CLANG_WARN_EMPTY_BODY = YES;
				CLANG_WARN_ENUM_CONVERSION = YES;
				CLANG_WARN_INFINITE_RECURSION = YES;
				CLANG_WARN_INT_CONVERSION = YES;
				CLANG_WARN_NON_LITERAL_NULL_CONVERSION = YES;
				CLANG_WARN_OBJC_IMPLICIT_RETAIN_SELF = YES;
				CLANG_WARN_OBJC_LITERAL_CONVERSION = YES;
				CLANG_WARN_OBJC_ROOT_CLASS = YES_ERROR;
				CLANG_WARN_QUOTED_INCLUDE_IN_FRAMEWORK_HEADER = YES;
				CLANG_WARN_RANGE_LOOP_ANALYSIS = YES;
				CLANG_WARN_STRICT_PROTOTYPES = YES;
				CLANG_WARN_SUSPICIOUS_MOVE = YES;
				CLANG_WARN_UNGUARDED_AVAILABILITY = YES_AGGRESSIVE;
				CLANG_WARN_UNREACHABLE_CODE = YES;
				CLANG_WARN__DUPLICATE_METHOD_MATCH = YES;
				COPY_PHASE_STRIP = NO;
				DEAD_CODE_STRIPPING = YES;
				DEBUG_INFORMATION_FORMAT = dwarf;
				DEVELOPMENT_TEAM = SD7Y38YDFH;
				ENABLE_STRICT_OBJC_MSGSEND = YES;
				ENABLE_TESTABILITY = YES;
				ENABLE_USER_SCRIPT_SANDBOXING = YES;
				GCC_C_LANGUAGE_STANDARD = gnu17;
				GCC_DYNAMIC_NO_PIC = NO;
				GCC_NO_COMMON_BLOCKS = YES;
				GCC_OPTIMIZATION_LEVEL = 0;
				GCC_PREPROCESSOR_DEFINITIONS = (
					"DEBUG=1",
					"$(inherited)",
				);
				GCC_WARN_64_TO_32_BIT_CONVERSION = YES;
				GCC_WARN_ABOUT_RETURN_TYPE = YES_ERROR;
				GCC_WARN_UNDECLARED_SELECTOR = YES;
				GCC_WARN_UNINITIALIZED_AUTOS = YES_AGGRESSIVE;
				GCC_WARN_UNUSED_FUNCTION = YES;
				GCC_WARN_UNUSED_VARIABLE = YES;
				LOCALIZATION_PREFERS_STRING_CATALOGS = YES;
				MTL_ENABLE_DEBUG_INFO = INCLUDE_SOURCE;
				MTL_FAST_MATH = YES;
				ONLY_ACTIVE_ARCH = YES;
				STRING_CATALOG_GENERATE_SYMBOLS = YES;
				SWIFT_ACTIVE_COMPILATION_CONDITIONS = "DEBUG $(inherited)";
				SWIFT_OPTIMIZATION_LEVEL = "-Onone";
			};
			name = Debug;
		};
		2400000000000000000000A2 /* Release */ = {
			isa = XCBuildConfiguration;
			buildSettings = {
				ALWAYS_SEARCH_USER_PATHS = NO;
				ASSETCATALOG_COMPILER_GENERATE_SWIFT_ASSET_SYMBOL_EXTENSIONS = YES;
				CLANG_ANALYZER_NONNULL = YES;
				CLANG_ANALYZER_NUMBER_OBJECT_CONVERSION = YES_AGGRESSIVE;
				CLANG_CXX_LANGUAGE_STANDARD = "gnu++20";
				CLANG_ENABLE_MODULES = YES;
				CLANG_ENABLE_OBJC_ARC = YES;
				CLANG_ENABLE_OBJC_WEAK = YES;
				CLANG_WARN_BLOCK_CAPTURE_AUTORELEASING = YES;
				CLANG_WARN_BOOL_CONVERSION = YES;
				CLANG_WARN_COMMA = YES;
				CLANG_WARN_CONSTANT_CONVERSION = YES;
				CLANG_WARN_DEPRECATED_OBJC_IMPLEMENTATIONS = YES;
				CLANG_WARN_DIRECT_OBJC_ISA_USAGE = YES_ERROR;
				CLANG_WARN_DOCUMENTATION_COMMENTS = YES;
				CLANG_WARN_EMPTY_BODY = YES;
				CLANG_WARN_ENUM_CONVERSION = YES;
				CLANG_WARN_INFINITE_RECURSION = YES;
				CLANG_WARN_INT_CONVERSION = YES;
				CLANG_WARN_NON_LITERAL_NULL_CONVERSION = YES;
				CLANG_WARN_OBJC_IMPLICIT_RETAIN_SELF = YES;
				CLANG_WARN_OBJC_LITERAL_CONVERSION = YES;
				CLANG_WARN_OBJC_ROOT_CLASS = YES_ERROR;
				CLANG_WARN_QUOTED_INCLUDE_IN_FRAMEWORK_HEADER = YES;
				CLANG_WARN_RANGE_LOOP_ANALYSIS = YES;
				CLANG_WARN_STRICT_PROTOTYPES = YES;
				CLANG_WARN_SUSPICIOUS_MOVE = YES;
				CLANG_WARN_UNGUARDED_AVAILABILITY = YES_AGGRESSIVE;
				CLANG_WARN_UNREACHABLE_CODE = YES;
				CLANG_WARN__DUPLICATE_METHOD_MATCH = YES;
				COPY_PHASE_STRIP = NO;
				DEAD_CODE_STRIPPING = YES;
				DEBUG_INFORMATION_FORMAT = "dwarf-with-dsym";
				DEVELOPMENT_TEAM = SD7Y38YDFH;
				ENABLE_NS_ASSERTIONS = NO;
				ENABLE_STRICT_OBJC_MSGSEND = YES;
				ENABLE_USER_SCRIPT_SANDBOXING = YES;
				GCC_C_LANGUAGE_STANDARD = gnu17;
				GCC_NO_COMMON_BLOCKS = YES;
				GCC_WARN_64_TO_32_BIT_CONVERSION = YES;
				GCC_WARN_ABOUT_RETURN_TYPE = YES_ERROR;
				GCC_WARN_UNDECLARED_SELECTOR = YES;
				GCC_WARN_UNINITIALIZED_AUTOS = YES_AGGRESSIVE;
				GCC_WARN_UNUSED_FUNCTION = YES;
				GCC_WARN_UNUSED_VARIABLE = YES;
				LOCALIZATION_PREFERS_STRING_CATALOGS = YES;
				MTL_ENABLE_DEBUG_INFO = NO;
				MTL_FAST_MATH = YES;
				STRING_CATALOG_GENERATE_SYMBOLS = YES;
				SWIFT_COMPILATION_MODE = wholemodule;
				VALIDATE_PRODUCT = YES;
			};
			name = Release;
		};
		2400000000000000000000B1 /* Debug */ = {
			isa = XCBuildConfiguration;
			buildSettings = {
				ASSETCATALOG_COMPILER_APPICON_NAME = AppIcon;
				ASSETCATALOG_COMPILER_GLOBAL_ACCENT_COLOR_NAME = AccentColor;
				CODE_SIGN_STYLE = Automatic;
				CURRENT_PROJECT_VERSION = 1;
				ENABLE_PREVIEWS = YES;
				GENERATE_INFOPLIST_FILE = YES;
				INFOPLIST_KEY_UIApplicationSceneManifest_Generation = YES;
				INFOPLIST_KEY_UIApplicationSupportsIndirectInputEvents = YES;
				INFOPLIST_KEY_UILaunchScreen_Generation = YES;
				INFOPLIST_KEY_UISupportedInterfaceOrientations_iPad = "UIInterfaceOrientationPortrait UIInterfaceOrientationPortraitUpsideDown UIInterfaceOrientationLandscapeLeft UIInterfaceOrientationLandscapeRight";
				INFOPLIST_KEY_UISupportedInterfaceOrientations_iPhone = "UIInterfaceOrientationPortrait UIInterfaceOrientationLandscapeLeft UIInterfaceOrientationLandscapeRight";
				IPHONEOS_DEPLOYMENT_TARGET = 18.5;
				LD_RUNPATH_SEARCH_PATHS = (
					"$(inherited)",
					"@executable_path/Frameworks",
				);
				MARKETING_VERSION = 1.0;
				PRODUCT_BUNDLE_IDENTIFIER = hu.randart.CsopakBeachCam;
				PRODUCT_NAME = "$(TARGET_NAME)";
				SDKROOT = iphoneos;
				SUPPORTED_PLATFORMS = "iphoneos iphonesimulator";
				SUPPORTS_MACCATALYST = NO;
				SWIFT_EMIT_LOC_STRINGS = YES;
				SWIFT_VERSION = 5.0;
				TARGETED_DEVICE_FAMILY = "1,2";
			};
			name = Debug;
		};
		2400000000000000000000B2 /* Release */ = {
			isa = XCBuildConfiguration;
			buildSettings = {
				ASSETCATALOG_COMPILER_APPICON_NAME = AppIcon;
				ASSETCATALOG_COMPILER_GLOBAL_ACCENT_COLOR_NAME = AccentColor;
				CODE_SIGN_STYLE = Automatic;
				CURRENT_PROJECT_VERSION = 1;
				ENABLE_PREVIEWS = YES;
				GENERATE_INFOPLIST_FILE = YES;
				INFOPLIST_KEY_UIApplicationSceneManifest_Generation = YES;
				INFOPLIST_KEY_UIApplicationSupportsIndirectInputEvents = YES;
				INFOPLIST_KEY_UILaunchScreen_Generation = YES;
				INFOPLIST_KEY_UISupportedInterfaceOrientations_iPad = "UIInterfaceOrientationPortrait UIInterfaceOrientationPortraitUpsideDown UIInterfaceOrientationLandscapeLeft UIInterfaceOrientationLandscapeRight";
				INFOPLIST_KEY_UISupportedInterfaceOrientations_iPhone = "UIInterfaceOrientationPortrait UIInterfaceOrientationLandscapeLeft UIInterfaceOrientationLandscapeRight";
				IPHONEOS_DEPLOYMENT_TARGET = 18.5;
				LD_RUNPATH_SEARCH_PATHS = (
					"$(inherited)",
					"@executable_path/Frameworks",
				);
				MARKETING_VERSION = 1.0;
				PRODUCT_BUNDLE_IDENTIFIER = hu.randart.CsopakBeachCam;
				PRODUCT_NAME = "$(TARGET_NAME)";
				SDKROOT = iphoneos;
				SUPPORTED_PLATFORMS = "iphoneos iphonesimulator";
				SUPPORTS_MACCATALYST = NO;
				SWIFT_EMIT_LOC_STRINGS = YES;
				SWIFT_VERSION = 5.0;
				TARGETED_DEVICE_FAMILY = "1,2";
			};
			name = Release;
		};
		2400000000000000000000C1 /* Debug */ = {
			isa = XCBuildConfiguration;
			buildSettings = {
				ASSETCATALOG_COMPILER_APPICON_NAME = "App Icon & Top Shelf Image";
				ASSETCATALOG_COMPILER_GLOBAL_ACCENT_COLOR_NAME = AccentColor;
				CODE_SIGN_STYLE = Automatic;
				CURRENT_PROJECT_VERSION = 1;
				ENABLE_PREVIEWS = YES;
				GENERATE_INFOPLIST_FILE = YES;
				INFOPLIST_FILE = CsopakBeachCamTV/Info.plist;
				INFOPLIST_KEY_LSApplicationCategoryType = "public.app-category.video";
				INFOPLIST_KEY_UILaunchScreen_Generation = YES;
				INFOPLIST_KEY_UIUserInterfaceStyle = Automatic;
				LD_RUNPATH_SEARCH_PATHS = (
					"$(inherited)",
					"@executable_path/Frameworks",
				);
				MARKETING_VERSION = 1.0;
				PRODUCT_BUNDLE_IDENTIFIER = hu.randart.CsopakBeachCamTV;
				PRODUCT_NAME = "$(TARGET_NAME)";
				SDKROOT = appletvos;
				SUPPORTED_PLATFORMS = "appletvos appletvsimulator";
				SWIFT_EMIT_LOC_STRINGS = YES;
				SWIFT_VERSION = 5.0;
				TARGETED_DEVICE_FAMILY = 3;
				TVOS_DEPLOYMENT_TARGET = 18.5;
			};
			name = Debug;
		};
		2400000000000000000000C2 /* Release */ = {
			isa = XCBuildConfiguration;
			buildSettings = {
				ASSETCATALOG_COMPILER_APPICON_NAME = "App Icon & Top Shelf Image";
				ASSETCATALOG_COMPILER_GLOBAL_ACCENT_COLOR_NAME = AccentColor;
				CODE_SIGN_STYLE = Automatic;
				CURRENT_PROJECT_VERSION = 1;
				ENABLE_PREVIEWS = YES;
				GENERATE_INFOPLIST_FILE = YES;
				INFOPLIST_FILE = CsopakBeachCamTV/Info.plist;
				INFOPLIST_KEY_LSApplicationCategoryType = "public.app-category.video";
				INFOPLIST_KEY_UILaunchScreen_Generation = YES;
				INFOPLIST_KEY_UIUserInterfaceStyle = Automatic;
				LD_RUNPATH_SEARCH_PATHS = (
					"$(inherited)",
					"@executable_path/Frameworks",
				);
				MARKETING_VERSION = 1.0;
				PRODUCT_BUNDLE_IDENTIFIER = hu.randart.CsopakBeachCamTV;
				PRODUCT_NAME = "$(TARGET_NAME)";
				SDKROOT = appletvos;
				SUPPORTED_PLATFORMS = "appletvos appletvsimulator";
				SWIFT_EMIT_LOC_STRINGS = YES;
				SWIFT_VERSION = 5.0;
				TARGETED_DEVICE_FAMILY = 3;
				TVOS_DEPLOYMENT_TARGET = 18.5;
			};
			name = Release;
		};
		2400000000000000000000D1 /* Debug */ = {
			isa = XCBuildConfiguration;
			buildSettings = {
				BUNDLE_LOADER = "$(TEST_HOST)";
				CODE_SIGN_STYLE = Automatic;
				CURRENT_PROJECT_VERSION = 1;
				GENERATE_INFOPLIST_FILE = YES;
				IPHONEOS_DEPLOYMENT_TARGET = 18.5;
				MARKETING_VERSION = 1.0;
				PRODUCT_BUNDLE_IDENTIFIER = hu.randart.CsopakBeachCamTests;
				PRODUCT_NAME = "$(TARGET_NAME)";
				SDKROOT = iphoneos;
				SUPPORTED_PLATFORMS = "iphoneos iphonesimulator";
				SWIFT_EMIT_LOC_STRINGS = NO;
				SWIFT_VERSION = 5.0;
				TARGETED_DEVICE_FAMILY = "1,2";
				TEST_HOST = "$(BUILT_PRODUCTS_DIR)/CsopakBeachCam.app/$(BUNDLE_EXECUTABLE_FOLDER_PATH)/CsopakBeachCam";
			};
			name = Debug;
		};
		2400000000000000000000D2 /* Release */ = {
			isa = XCBuildConfiguration;
			buildSettings = {
				BUNDLE_LOADER = "$(TEST_HOST)";
				CODE_SIGN_STYLE = Automatic;
				CURRENT_PROJECT_VERSION = 1;
				GENERATE_INFOPLIST_FILE = YES;
				IPHONEOS_DEPLOYMENT_TARGET = 18.5;
				MARKETING_VERSION = 1.0;
				PRODUCT_BUNDLE_IDENTIFIER = hu.randart.CsopakBeachCamTests;
				PRODUCT_NAME = "$(TARGET_NAME)";
				SDKROOT = iphoneos;
				SUPPORTED_PLATFORMS = "iphoneos iphonesimulator";
				SWIFT_EMIT_LOC_STRINGS = NO;
				SWIFT_VERSION = 5.0;
				TARGETED_DEVICE_FAMILY = "1,2";
				TEST_HOST = "$(BUILT_PRODUCTS_DIR)/CsopakBeachCam.app/$(BUNDLE_EXECUTABLE_FOLDER_PATH)/CsopakBeachCam";
			};
			name = Release;
		};
		2400000000000000000000E1 /* Debug */ = {
			isa = XCBuildConfiguration;
			buildSettings = {
				CODE_SIGN_STYLE = Automatic;
				CURRENT_PROJECT_VERSION = 1;
				GENERATE_INFOPLIST_FILE = YES;
				IPHONEOS_DEPLOYMENT_TARGET = 18.5;
				MARKETING_VERSION = 1.0;
				PRODUCT_BUNDLE_IDENTIFIER = hu.randart.CsopakBeachCamUITests;
				PRODUCT_NAME = "$(TARGET_NAME)";
				SDKROOT = iphoneos;
				SUPPORTED_PLATFORMS = "iphoneos iphonesimulator";
				SWIFT_EMIT_LOC_STRINGS = NO;
				SWIFT_VERSION = 5.0;
				TARGETED_DEVICE_FAMILY = "1,2";
				TEST_TARGET_NAME = CsopakBeachCam;
			};
			name = Debug;
		};
		2400000000000000000000E2 /* Release */ = {
			isa = XCBuildConfiguration;
			buildSettings = {
				CODE_SIGN_STYLE = Automatic;
				CURRENT_PROJECT_VERSION = 1;
				GENERATE_INFOPLIST_FILE = YES;
				IPHONEOS_DEPLOYMENT_TARGET = 18.5;
				MARKETING_VERSION = 1.0;
				PRODUCT_BUNDLE_IDENTIFIER = hu.randart.CsopakBeachCamUITests;
				PRODUCT_NAME = "$(TARGET_NAME)";
				SDKROOT = iphoneos;
				SUPPORTED_PLATFORMS = "iphoneos iphonesimulator";
				SWIFT_EMIT_LOC_STRINGS = NO;
				SWIFT_VERSION = 5.0;
				TARGETED_DEVICE_FAMILY = "1,2";
				TEST_TARGET_NAME = CsopakBeachCam;
			};
			name = Release;
		};
		2400000000000000000000F1 /* Debug */ = {
			isa = XCBuildConfiguration;
			buildSettings = {
				BUNDLE_LOADER = "$(TEST_HOST)";
				CODE_SIGN_STYLE = Automatic;
				CURRENT_PROJECT_VERSION = 1;
				GENERATE_INFOPLIST_FILE = YES;
				MARKETING_VERSION = 1.0;
				PRODUCT_BUNDLE_IDENTIFIER = hu.randart.CsopakBeachCamTVTests;
				PRODUCT_NAME = "$(TARGET_NAME)";
				SDKROOT = appletvos;
				SUPPORTED_PLATFORMS = "appletvos appletvsimulator";
				SWIFT_EMIT_LOC_STRINGS = NO;
				SWIFT_VERSION = 5.0;
				TARGETED_DEVICE_FAMILY = 3;
				TEST_HOST = "$(BUILT_PRODUCTS_DIR)/CsopakBeachCamTV.app/$(BUNDLE_EXECUTABLE_FOLDER_PATH)/CsopakBeachCamTV";
				TVOS_DEPLOYMENT_TARGET = 18.5;
			};
			name = Debug;
		};
		2400000000000000000000F2 /* Release */ = {
			isa = XCBuildConfiguration;
			buildSettings = {
				BUNDLE_LOADER = "$(TEST_HOST)";
				CODE_SIGN_STYLE = Automatic;
				CURRENT_PROJECT_VERSION = 1;
				GENERATE_INFOPLIST_FILE = YES;
				MARKETING_VERSION = 1.0;
				PRODUCT_BUNDLE_IDENTIFIER = hu.randart.CsopakBeachCamTVTests;
				PRODUCT_NAME = "$(TARGET_NAME)";
				SDKROOT = appletvos;
				SUPPORTED_PLATFORMS = "appletvos appletvsimulator";
				SWIFT_EMIT_LOC_STRINGS = NO;
				SWIFT_VERSION = 5.0;
				TARGETED_DEVICE_FAMILY = 3;
				TEST_HOST = "$(BUILT_PRODUCTS_DIR)/CsopakBeachCamTV.app/$(BUNDLE_EXECUTABLE_FOLDER_PATH)/CsopakBeachCamTV";
				TVOS_DEPLOYMENT_TARGET = 18.5;
			};
			name = Release;
		};
		2400000000000000000001A1 /* Debug */ = {
			isa = XCBuildConfiguration;
			buildSettings = {
				CODE_SIGN_STYLE = Automatic;
				CURRENT_PROJECT_VERSION = 1;
				GENERATE_INFOPLIST_FILE = YES;
				MARKETING_VERSION = 1.0;
				PRODUCT_BUNDLE_IDENTIFIER = hu.randart.CsopakBeachCamTVUITests;
				PRODUCT_NAME = "$(TARGET_NAME)";
				SDKROOT = appletvos;
				SUPPORTED_PLATFORMS = "appletvos appletvsimulator";
				SWIFT_EMIT_LOC_STRINGS = NO;
				SWIFT_VERSION = 5.0;
				TARGETED_DEVICE_FAMILY = 3;
				TEST_TARGET_NAME = CsopakBeachCamTV;
				TVOS_DEPLOYMENT_TARGET = 18.5;
			};
			name = Debug;
		};
		2400000000000000000001A2 /* Release */ = {
			isa = XCBuildConfiguration;
			buildSettings = {
				CODE_SIGN_STYLE = Automatic;
				CURRENT_PROJECT_VERSION = 1;
				GENERATE_INFOPLIST_FILE = YES;
				MARKETING_VERSION = 1.0;
				PRODUCT_BUNDLE_IDENTIFIER = hu.randart.CsopakBeachCamTVUITests;
				PRODUCT_NAME = "$(TARGET_NAME)";
				SDKROOT = appletvos;
				SUPPORTED_PLATFORMS = "appletvos appletvsimulator";
				SWIFT_EMIT_LOC_STRINGS = NO;
				SWIFT_VERSION = 5.0;
				TARGETED_DEVICE_FAMILY = 3;
				TEST_TARGET_NAME = CsopakBeachCamTV;
				TVOS_DEPLOYMENT_TARGET = 18.5;
			};
			name = Release;
		};
		2400000000000000000002A1 /* Debug */ = {
			isa = XCBuildConfiguration;
			buildSettings = {
				ASSETCATALOG_COMPILER_APPICON_NAME = AppIcon;
				ASSETCATALOG_COMPILER_GLOBAL_ACCENT_COLOR_NAME = AccentColor;
				CODE_SIGN_STYLE = Automatic;
				CURRENT_PROJECT_VERSION = 1;
				ENABLE_PREVIEWS = YES;
				GENERATE_INFOPLIST_FILE = YES;
				INFOPLIST_FILE = CsopakBeachCamWatch/Info.plist;
				INFOPLIST_KEY_CFBundleDisplayName = "Csopak Beach";
				INFOPLIST_KEY_LSApplicationCategoryType = "public.app-category.video";
				INFOPLIST_KEY_WKApplication = YES;
				LD_RUNPATH_SEARCH_PATHS = (
					"$(inherited)",
					"@executable_path/Frameworks",
				);
				MARKETING_VERSION = 1.0;
				PRODUCT_BUNDLE_IDENTIFIER = hu.randart.CsopakBeachCam.watch;
				PRODUCT_NAME = "$(TARGET_NAME)";
				SDKROOT = watchos;
				SUPPORTED_PLATFORMS = "watchos watchsimulator";
				SWIFT_EMIT_LOC_STRINGS = YES;
				SWIFT_VERSION = 5.0;
				TARGETED_DEVICE_FAMILY = 4;
				WATCHOS_DEPLOYMENT_TARGET = 11.0;
			};
			name = Debug;
		};
		2400000000000000000002A2 /* Release */ = {
			isa = XCBuildConfiguration;
			buildSettings = {
				ASSETCATALOG_COMPILER_APPICON_NAME = AppIcon;
				ASSETCATALOG_COMPILER_GLOBAL_ACCENT_COLOR_NAME = AccentColor;
				CODE_SIGN_STYLE = Automatic;
				CURRENT_PROJECT_VERSION = 1;
				ENABLE_PREVIEWS = YES;
				GENERATE_INFOPLIST_FILE = YES;
				INFOPLIST_FILE = CsopakBeachCamWatch/Info.plist;
				INFOPLIST_KEY_CFBundleDisplayName = "Csopak Beach";
				INFOPLIST_KEY_LSApplicationCategoryType = "public.app-category.video";
				INFOPLIST_KEY_WKApplication = YES;
				LD_RUNPATH_SEARCH_PATHS = (
					"$(inherited)",
					"@executable_path/Frameworks",
				);
				MARKETING_VERSION = 1.0;
				PRODUCT_BUNDLE_IDENTIFIER = hu.randart.CsopakBeachCam.watch;
				PRODUCT_NAME = "$(TARGET_NAME)";
				SDKROOT = watchos;
				SUPPORTED_PLATFORMS = "watchos watchsimulator";
				SWIFT_EMIT_LOC_STRINGS = YES;
				SWIFT_VERSION = 5.0;
				TARGETED_DEVICE_FAMILY = 4;
				WATCHOS_DEPLOYMENT_TARGET = 11.0;
			};
			name = Release;
		};
		2400000000000000000003A1 /* Debug */ = {
			isa = XCBuildConfiguration;
			buildSettings = {
				ASSETCATALOG_COMPILER_APPICON_NAME = AppIcon;
				ASSETCATALOG_COMPILER_GLOBAL_ACCENT_COLOR_NAME = AccentColor;
				CODE_SIGN_ENTITLEMENTS = CsopakBeachCamMac/CsopakBeachCamMac.entitlements;
				CODE_SIGN_STYLE = Automatic;
				COMBINE_HIDPI_IMAGES = YES;
				CURRENT_PROJECT_VERSION = 1;
				ENABLE_HARDENED_RUNTIME = YES;
				ENABLE_PREVIEWS = YES;
				GENERATE_INFOPLIST_FILE = YES;
				INFOPLIST_FILE = CsopakBeachCamMac/Info.plist;
				INFOPLIST_KEY_CFBundleDisplayName = "Csopak Beach Cam";
				INFOPLIST_KEY_LSApplicationCategoryType = "public.app-category.video";
				INFOPLIST_KEY_NSHumanReadableCopyright = "";
				INFOPLIST_KEY_NSMainStoryboardFile = "";
				INFOPLIST_KEY_NSPrincipalClass = NSApplication;
				LD_RUNPATH_SEARCH_PATHS = (
					"$(inherited)",
					"@executable_path/../Frameworks",
				);
				MACOSX_DEPLOYMENT_TARGET = 14.0;
				MARKETING_VERSION = 1.0;
				PRODUCT_BUNDLE_IDENTIFIER = hu.randart.CsopakBeachCamMac;
				PRODUCT_NAME = "$(TARGET_NAME)";
				SDKROOT = macosx;
				SUPPORTED_PLATFORMS = macosx;
				SWIFT_EMIT_LOC_STRINGS = YES;
				SWIFT_VERSION = 5.0;
			};
			name = Debug;
		};
		2400000000000000000003A2 /* Release */ = {
			isa = XCBuildConfiguration;
			buildSettings = {
				ASSETCATALOG_COMPILER_APPICON_NAME = AppIcon;
				ASSETCATALOG_COMPILER_GLOBAL_ACCENT_COLOR_NAME = AccentColor;
				CODE_SIGN_ENTITLEMENTS = CsopakBeachCamMac/CsopakBeachCamMac.entitlements;
				CODE_SIGN_STYLE = Automatic;
				COMBINE_HIDPI_IMAGES = YES;
				CURRENT_PROJECT_VERSION = 1;
				ENABLE_HARDENED_RUNTIME = YES;
				ENABLE_PREVIEWS = YES;
				GENERATE_INFOPLIST_FILE = YES;
				INFOPLIST_FILE = CsopakBeachCamMac/Info.plist;
				INFOPLIST_KEY_CFBundleDisplayName = "Csopak Beach Cam";
				INFOPLIST_KEY_LSApplicationCategoryType = "public.app-category.video";
				INFOPLIST_KEY_NSHumanReadableCopyright = "";
				INFOPLIST_KEY_NSMainStoryboardFile = "";
				INFOPLIST_KEY_NSPrincipalClass = NSApplication;
				LD_RUNPATH_SEARCH_PATHS = (
					"$(inherited)",
					"@executable_path/../Frameworks",
				);
				MACOSX_DEPLOYMENT_TARGET = 14.0;
				MARKETING_VERSION = 1.0;
				PRODUCT_BUNDLE_IDENTIFIER = hu.randart.CsopakBeachCamMac;
				PRODUCT_NAME = "$(TARGET_NAME)";
				SDKROOT = macosx;
				SUPPORTED_PLATFORMS = macosx;
				SWIFT_EMIT_LOC_STRINGS = YES;
				SWIFT_VERSION = 5.0;
			};
			name = Release;
		};
/* End XCBuildConfiguration section */

/* Begin XCConfigurationList section */
		2500000000000000000000A1 /* Build configuration list for PBXProject "CsopakBeachCam" */ = {
			isa = XCConfigurationList;
			buildConfigurations = (
				2400000000000000000000A1 /* Debug */,
				2400000000000000000000A2 /* Release */,
			);
			defaultConfigurationIsVisible = 0;
			defaultConfigurationName = Release;
		};
		2500000000000000000000A2 /* Build configuration list for PBXNativeTarget "CsopakBeachCam" */ = {
			isa = XCConfigurationList;
			buildConfigurations = (
				2400000000000000000000B1 /* Debug */,
				2400000000000000000000B2 /* Release */,
			);
			defaultConfigurationIsVisible = 0;
			defaultConfigurationName = Release;
		};
		2500000000000000000000A3 /* Build configuration list for PBXNativeTarget "CsopakBeachCamTV" */ = {
			isa = XCConfigurationList;
			buildConfigurations = (
				2400000000000000000000C1 /* Debug */,
				2400000000000000000000C2 /* Release */,
			);
			defaultConfigurationIsVisible = 0;
			defaultConfigurationName = Release;
		};
		2500000000000000000000A4 /* Build configuration list for PBXNativeTarget "CsopakBeachCamTests" */ = {
			isa = XCConfigurationList;
			buildConfigurations = (
				2400000000000000000000D1 /* Debug */,
				2400000000000000000000D2 /* Release */,
			);
			defaultConfigurationIsVisible = 0;
			defaultConfigurationName = Release;
		};
		2500000000000000000000A5 /* Build configuration list for PBXNativeTarget "CsopakBeachCamUITests" */ = {
			isa = XCConfigurationList;
			buildConfigurations = (
				2400000000000000000000E1 /* Debug */,
				2400000000000000000000E2 /* Release */,
			);
			defaultConfigurationIsVisible = 0;
			defaultConfigurationName = Release;
		};
		2500000000000000000000A6 /* Build configuration list for PBXNativeTarget "CsopakBeachCamTVTests" */ = {
			isa = XCConfigurationList;
			buildConfigurations = (
				2400000000000000000000F1 /* Debug */,
				2400000000000000000000F2 /* Release */,
			);
			defaultConfigurationIsVisible = 0;
			defaultConfigurationName = Release;
		};
		2500000000000000000000A7 /* Build configuration list for PBXNativeTarget "CsopakBeachCamTVUITests" */ = {
			isa = XCConfigurationList;
			buildConfigurations = (
				2400000000000000000001A1 /* Debug */,
				2400000000000000000001A2 /* Release */,
			);
			defaultConfigurationIsVisible = 0;
			defaultConfigurationName = Release;
		};
		2500000000000000000000A8 /* Build configuration list for PBXNativeTarget "CsopakBeachCamWatch" */ = {
			isa = XCConfigurationList;
			buildConfigurations = (
				2400000000000000000002A1 /* Debug */,
				2400000000000000000002A2 /* Release */,
			);
			defaultConfigurationIsVisible = 0;
			defaultConfigurationName = Release;
		};
		2500000000000000000000A9 /* Build configuration list for PBXNativeTarget "CsopakBeachCamMac" */ = {
			isa = XCConfigurationList;
			buildConfigurations = (
				2400000000000000000003A1 /* Debug */,
				2400000000000000000003A2 /* Release */,
			);
			defaultConfigurationIsVisible = 0;
			defaultConfigurationName = Release;
		};
/* End XCConfigurationList section */
	};
	rootObject = 1A0000000000000000000001 /* Project object */;
}
